
Microsoft Visual Studio Solution File, Format Version 12.00
# Visual Studio Version 17
VisualStudioVersion = 17.5.33530.505
MinimumVisualStudioVersion = 10.0.40219.1
Project("{FAE04EC0-301F-11D3-BF4B-00C04F79EFBC}") = "TräningsProgram", "TräningsProgram\TräningsProgram.csproj", "{698CF6C2-8A00-499C-8C73-0D7A1E20B675}"
EndProject
Global
	GlobalSection(SolutionConfigurationPlatforms) = preSolution
		Debug|Any CPU = Debug|Any CPU
		Release|Any CPU = Release|Any CPU
	EndGlobalSection
	GlobalSection(ProjectConfigurationPlatforms) = postSolution
		{698CF6C2-8A00-499C-8C73-0D7A1E20B675}.Debug|Any CPU.ActiveCfg = Debug|Any CPU
		{698CF6C2-8A00-499C-8C73-0D7A1E20B675}.Debug|Any CPU.Build.0 = Debug|Any CPU
		{698CF6C2-8A00-499C-8C73-0D7A1E20B675}.Release|Any CPU.ActiveCfg = Release|Any CPU
		{698CF6C2-8A00-499C-8C73-0D7A1E20B675}.Release|Any CPU.Build.0 = Release|Any CPU
	EndGlobalSection
	GlobalSection(SolutionProperties) = preSolution
		HideSolutionNode = FALSE
	EndGlobalSection
	GlobalSection(ExtensibilityGlobals) = postSolution
		SolutionGuid = {B22758F4-B770-47C2-A4F4-0618E73BA520}
	EndGlobalSection
EndGlobal
